
Microsoft Visual Studio Solution File, Format Version 12.00
# Visual Studio Version 17
VisualStudioVersion = 17.9.34723.18
MinimumVisualStudioVersion = 10.0.40219.1
Project("{FAE04EC0-301F-11D3-BF4B-00C04F79EFBC}") = "AutoBlum", "AutoBlum\AutoBlum.csproj", "{05E9C215-E6CE-4938-B035-10CCD513F49B}"
EndProject
Global
	GlobalSection(SolutionConfigurationPlatforms) = preSolution
		Debug|Any CPU = Debug|Any CPU
		Release|Any CPU = Release|Any CPU
	EndGlobalSection
	GlobalSection(ProjectConfigurationPlatforms) = postSolution
		{05E9C215-E6CE-4938-B035-10CCD513F49B}.Debug|Any CPU.ActiveCfg = Debug|Any CPU
		{05E9C215-E6CE-4938-B035-10CCD513F49B}.Debug|Any CPU.Build.0 = Debug|Any CPU
		{05E9C215-E6CE-4938-B035-10CCD513F49B}.Release|Any CPU.ActiveCfg = Release|Any CPU
		{05E9C215-E6CE-4938-B035-10CCD513F49B}.Release|Any CPU.Build.0 = Release|Any CPU
	EndGlobalSection
	GlobalSection(SolutionProperties) = preSolution
		HideSolutionNode = FALSE
	EndGlobalSection
	GlobalSection(ExtensibilityGlobals) = postSolution
		SolutionGuid = {76A78E15-B4AD-4002-BC3A-97C30EB24E41}
	EndGlobalSection
EndGlobal
